
Microsoft Visual Studio Solution File, Format Version 12.00
# Visual Studio Version 16
VisualStudioVersion = 16.0.33027.164
MinimumVisualStudioVersion = 10.0.40219.1
Project("{9A19103F-16F7-4668-BE54-9A1E7A4F7556}") = "E-Commerce-Basically", "E-Commerce-Basically\E-Commerce-Basically.csproj", "{51128E18-8644-44AE-8A7D-F46DFD8F1684}"
EndProject
Project("{9A19103F-16F7-4668-BE54-9A1E7A4F7556}") = "DAL", "DAL\DAL.csproj", "{D1250335-21A4-4930-8B98-F13097BC146C}"
EndProject
Project("{9A19103F-16F7-4668-BE54-9A1E7A4F7556}") = "Entity", "Entity\Entity.csproj", "{75A76F12-16A9-48BA-B7CE-D05AD36FE410}"
EndProject
Project("{9A19103F-16F7-4668-BE54-9A1E7A4F7556}") = "Business", "Business\Business.csproj", "{855ED109-3181-4784-ABA8-F45962B50FE5}"
EndProject
Project("{9A19103F-16F7-4668-BE54-9A1E7A4F7556}") = "Core", "Core\Core.csproj", "{E95F36C5-59A1-4D2A-9138-1F28A51557A5}"
EndProject
Project("{FAE04EC0-301F-11D3-BF4B-00C04F79EFBC}") = "BasketApi", "BasketApi\BasketApi.csproj", "{0D5451B6-EE6E-4932-8E70-AED885F03F5E}"
EndProject
Global
	GlobalSection(SolutionConfigurationPlatforms) = preSolution
		Debug|Any CPU = Debug|Any CPU
		Release|Any CPU = Release|Any CPU
	EndGlobalSection
	GlobalSection(ProjectConfigurationPlatforms) = postSolution
		{51128E18-8644-44AE-8A7D-F46DFD8F1684}.Debug|Any CPU.ActiveCfg = Debug|Any CPU
		{51128E18-8644-44AE-8A7D-F46DFD8F1684}.Debug|Any CPU.Build.0 = Debug|Any CPU
		{51128E18-8644-44AE-8A7D-F46DFD8F1684}.Release|Any CPU.ActiveCfg = Release|Any CPU
		{51128E18-8644-44AE-8A7D-F46DFD8F1684}.Release|Any CPU.Build.0 = Release|Any CPU
		{D1250335-21A4-4930-8B98-F13097BC146C}.Debug|Any CPU.ActiveCfg = Debug|Any CPU
		{D1250335-21A4-4930-8B98-F13097BC146C}.Debug|Any CPU.Build.0 = Debug|Any CPU
		{D1250335-21A4-4930-8B98-F13097BC146C}.Release|Any CPU.ActiveCfg = Release|Any CPU
		{D1250335-21A4-4930-8B98-F13097BC146C}.Release|Any CPU.Build.0 = Release|Any CPU
		{75A76F12-16A9-48BA-B7CE-D05AD36FE410}.Debug|Any CPU.ActiveCfg = Debug|Any CPU
		{75A76F12-16A9-48BA-B7CE-D05AD36FE410}.Debug|Any CPU.Build.0 = Debug|Any CPU
		{75A76F12-16A9-48BA-B7CE-D05AD36FE410}.Release|Any CPU.ActiveCfg = Release|Any CPU
		{75A76F12-16A9-48BA-B7CE-D05AD36FE410}.Release|Any CPU.Build.0 = Release|Any CPU
		{855ED109-3181-4784-ABA8-F45962B50FE5}.Debug|Any CPU.ActiveCfg = Debug|Any CPU
		{855ED109-3181-4784-ABA8-F45962B50FE5}.Debug|Any CPU.Build.0 = Debug|Any CPU
		{855ED109-3181-4784-ABA8-F45962B50FE5}.Release|Any CPU.ActiveCfg = Release|Any CPU
		{855ED109-3181-4784-ABA8-F45962B50FE5}.Release|Any CPU.Build.0 = Release|Any CPU
		{E95F36C5-59A1-4D2A-9138-1F28A51557A5}.Debug|Any CPU.ActiveCfg = Debug|Any CPU
		{E95F36C5-59A1-4D2A-9138-1F28A51557A5}.Debug|Any CPU.Build.0 = Debug|Any CPU
		{E95F36C5-59A1-4D2A-9138-1F28A51557A5}.Release|Any CPU.ActiveCfg = Release|Any CPU
		{E95F36C5-59A1-4D2A-9138-1F28A51557A5}.Release|Any CPU.Build.0 = Release|Any CPU
		{0D5451B6-EE6E-4932-8E70-AED885F03F5E}.Debug|Any CPU.ActiveCfg = Debug|Any CPU
		{0D5451B6-EE6E-4932-8E70-AED885F03F5E}.Debug|Any CPU.Build.0 = Debug|Any CPU
		{0D5451B6-EE6E-4932-8E70-AED885F03F5E}.Release|Any CPU.ActiveCfg = Release|Any CPU
		{0D5451B6-EE6E-4932-8E70-AED885F03F5E}.Release|Any CPU.Build.0 = Release|Any CPU
	EndGlobalSection
	GlobalSection(SolutionProperties) = preSolution
		HideSolutionNode = FALSE
	EndGlobalSection
	GlobalSection(ExtensibilityGlobals) = postSolution
		SolutionGuid = {3CA4B880-E1E0-4604-BF72-2561DDB144F2}
	EndGlobalSection
EndGlobal
